
Microsoft Visual Studio Solution File, Format Version 12.00
Project("{FAE04EC0-301F-11D3-BF4B-00C04F79EFBC}") = "bloomberg-web-terminal", "bloomberg-web-terminal.csproj", "{09C23E40-3C06-4434-8D1D-E1ADA77F4C0A}"
EndProject
Global
	GlobalSection(SolutionConfigurationPlatforms) = preSolution
		Debug|Any CPU = Debug|Any CPU
		Release|Any CPU = Release|Any CPU
	EndGlobalSection
	GlobalSection(ProjectConfigurationPlatforms) = postSolution
		{09C23E40-3C06-4434-8D1D-E1ADA77F4C0A}.Debug|Any CPU.ActiveCfg = Debug|Any CPU
		{09C23E40-3C06-4434-8D1D-E1ADA77F4C0A}.Debug|Any CPU.Build.0 = Debug|Any CPU
		{09C23E40-3C06-4434-8D1D-E1ADA77F4C0A}.Release|Any CPU.ActiveCfg = Release|Any CPU
		{09C23E40-3C06-4434-8D1D-E1ADA77F4C0A}.Release|Any CPU.Build.0 = Release|Any CPU
	EndGlobalSection
EndGlobal
